
Microsoft Visual Studio Solution File, Format Version 12.00
# Visual Studio Version 17
VisualStudioVersion = 17.7.34024.191
MinimumVisualStudioVersion = 10.0.40219.1
Project("{FAE04EC0-301F-11D3-BF4B-00C04F79EFBC}") = "Mulan_Auto", "Mulan_Auto\Mulan_Auto.csproj", "{A3E6F6FC-CBCA-490F-915D-F75CF0682BB3}"
EndProject
Global
	GlobalSection(SolutionConfigurationPlatforms) = preSolution
		Debug|Any CPU = Debug|Any CPU
		Release|Any CPU = Release|Any CPU
	EndGlobalSection
	GlobalSection(ProjectConfigurationPlatforms) = postSolution
		{A3E6F6FC-CBCA-490F-915D-F75CF0682BB3}.Debug|Any CPU.ActiveCfg = Debug|Any CPU
		{A3E6F6FC-CBCA-490F-915D-F75CF0682BB3}.Debug|Any CPU.Build.0 = Debug|Any CPU
		{A3E6F6FC-CBCA-490F-915D-F75CF0682BB3}.Release|Any CPU.ActiveCfg = Release|Any CPU
		{A3E6F6FC-CBCA-490F-915D-F75CF0682BB3}.Release|Any CPU.Build.0 = Release|Any CPU
	EndGlobalSection
	GlobalSection(SolutionProperties) = preSolution
		HideSolutionNode = FALSE
	EndGlobalSection
	GlobalSection(ExtensibilityGlobals) = postSolution
		SolutionGuid = {7393D1DA-0070-4742-A967-74D4EE9BF706}
	EndGlobalSection
EndGlobal
